
Microsoft Visual Studio Solution File, Format Version 12.00
# Visual Studio Version 17
VisualStudioVersion = 17.1.32210.238
MinimumVisualStudioVersion = 10.0.40219.1
Project("{9A19103F-16F7-4668-BE54-9A1E7A4F7556}") = "CORE", "CORE\CORE.csproj", "{3CD3D136-6F6B-4FF9-915F-9D75D44C8C9A}"
EndProject
Project("{9A19103F-16F7-4668-BE54-9A1E7A4F7556}") = "DAL", "DAL\DAL.csproj", "{AF2441F0-D346-4916-B212-EB4DB98CD704}"
EndProject
Project("{9A19103F-16F7-4668-BE54-9A1E7A4F7556}") = "DOMAIN", "DOMAIN\DOMAIN.csproj", "{16ED0CAF-8777-48C4-BFB4-AF0344A5B81E}"
EndProject
Project("{FAE04EC0-301F-11D3-BF4B-00C04F79EFBC}") = "ConsoleApp", "ConsoleApp\ConsoleApp.csproj", "{186577B6-3289-4C5E-B764-0BE020E868DB}"
EndProject
Global
	GlobalSection(SolutionConfigurationPlatforms) = preSolution
		Debug|Any CPU = Debug|Any CPU
		Release|Any CPU = Release|Any CPU
	EndGlobalSection
	GlobalSection(ProjectConfigurationPlatforms) = postSolution
		{3CD3D136-6F6B-4FF9-915F-9D75D44C8C9A}.Debug|Any CPU.ActiveCfg = Debug|Any CPU
		{3CD3D136-6F6B-4FF9-915F-9D75D44C8C9A}.Debug|Any CPU.Build.0 = Debug|Any CPU
		{3CD3D136-6F6B-4FF9-915F-9D75D44C8C9A}.Release|Any CPU.ActiveCfg = Release|Any CPU
		{3CD3D136-6F6B-4FF9-915F-9D75D44C8C9A}.Release|Any CPU.Build.0 = Release|Any CPU
		{AF2441F0-D346-4916-B212-EB4DB98CD704}.Debug|Any CPU.ActiveCfg = Debug|Any CPU
		{AF2441F0-D346-4916-B212-EB4DB98CD704}.Debug|Any CPU.Build.0 = Debug|Any CPU
		{AF2441F0-D346-4916-B212-EB4DB98CD704}.Release|Any CPU.ActiveCfg = Release|Any CPU
		{AF2441F0-D346-4916-B212-EB4DB98CD704}.Release|Any CPU.Build.0 = Release|Any CPU
		{16ED0CAF-8777-48C4-BFB4-AF0344A5B81E}.Debug|Any CPU.ActiveCfg = Debug|Any CPU
		{16ED0CAF-8777-48C4-BFB4-AF0344A5B81E}.Debug|Any CPU.Build.0 = Debug|Any CPU
		{16ED0CAF-8777-48C4-BFB4-AF0344A5B81E}.Release|Any CPU.ActiveCfg = Release|Any CPU
		{16ED0CAF-8777-48C4-BFB4-AF0344A5B81E}.Release|Any CPU.Build.0 = Release|Any CPU
		{186577B6-3289-4C5E-B764-0BE020E868DB}.Debug|Any CPU.ActiveCfg = Debug|Any CPU
		{186577B6-3289-4C5E-B764-0BE020E868DB}.Debug|Any CPU.Build.0 = Debug|Any CPU
		{186577B6-3289-4C5E-B764-0BE020E868DB}.Release|Any CPU.ActiveCfg = Release|Any CPU
		{186577B6-3289-4C5E-B764-0BE020E868DB}.Release|Any CPU.Build.0 = Release|Any CPU
	EndGlobalSection
	GlobalSection(SolutionProperties) = preSolution
		HideSolutionNode = FALSE
	EndGlobalSection
	GlobalSection(ExtensibilityGlobals) = postSolution
		SolutionGuid = {01313983-4147-43BF-BFBC-6FA4CBD73BAE}
	EndGlobalSection
EndGlobal
